
Microsoft Visual Studio Solution File, Format Version 12.00
# Visual Studio Version 17
VisualStudioVersion = 17.13.35818.85 d17.13
MinimumVisualStudioVersion = 10.0.40219.1
Project("{FAE04EC0-301F-11D3-BF4B-00C04F79EFBC}") = "TurtleGoal", "TurtleGoal\TurtleGoal.csproj", "{208A37DD-9603-4D68-854A-8C42DD5354CD}"
EndProject
Global
	GlobalSection(SolutionConfigurationPlatforms) = preSolution
		Debug|Any CPU = Debug|Any CPU
		Release|Any CPU = Release|Any CPU
	EndGlobalSection
	GlobalSection(ProjectConfigurationPlatforms) = postSolution
		{208A37DD-9603-4D68-854A-8C42DD5354CD}.Debug|Any CPU.ActiveCfg = Debug|Any CPU
		{208A37DD-9603-4D68-854A-8C42DD5354CD}.Debug|Any CPU.Build.0 = Debug|Any CPU
		{208A37DD-9603-4D68-854A-8C42DD5354CD}.Debug|Any CPU.Deploy.0 = Debug|Any CPU
		{208A37DD-9603-4D68-854A-8C42DD5354CD}.Release|Any CPU.ActiveCfg = Release|Any CPU
		{208A37DD-9603-4D68-854A-8C42DD5354CD}.Release|Any CPU.Build.0 = Release|Any CPU
		{208A37DD-9603-4D68-854A-8C42DD5354CD}.Release|Any CPU.Deploy.0 = Release|Any CPU
	EndGlobalSection
	GlobalSection(SolutionProperties) = preSolution
		HideSolutionNode = FALSE
	EndGlobalSection
	GlobalSection(ExtensibilityGlobals) = postSolution
		SolutionGuid = {D3477524-5D18-4659-8A09-EA355D430283}
	EndGlobalSection
EndGlobal
